
Microsoft Visual Studio Solution File, Format Version 12.00
# Visual Studio Version 16
VisualStudioVersion = 16.0.31005.135
MinimumVisualStudioVersion = 10.0.40219.1
Project("{FAE04EC0-301F-11D3-BF4B-00C04F79EFBC}") = "Preisservice", "Preisservice\Preisservice.csproj", "{6864D8B8-3D17-4F7B-AE2D-980F034092BF}"
EndProject
Global
	GlobalSection(SolutionConfigurationPlatforms) = preSolution
		Debug|Any CPU = Debug|Any CPU
		Release|Any CPU = Release|Any CPU
	EndGlobalSection
	GlobalSection(ProjectConfigurationPlatforms) = postSolution
		{6864D8B8-3D17-4F7B-AE2D-980F034092BF}.Debug|Any CPU.ActiveCfg = Debug|Any CPU
		{6864D8B8-3D17-4F7B-AE2D-980F034092BF}.Debug|Any CPU.Build.0 = Debug|Any CPU
		{6864D8B8-3D17-4F7B-AE2D-980F034092BF}.Release|Any CPU.ActiveCfg = Release|Any CPU
		{6864D8B8-3D17-4F7B-AE2D-980F034092BF}.Release|Any CPU.Build.0 = Release|Any CPU
	EndGlobalSection
	GlobalSection(SolutionProperties) = preSolution
		HideSolutionNode = FALSE
	EndGlobalSection
	GlobalSection(ExtensibilityGlobals) = postSolution
		SolutionGuid = {FC4BB9F2-127D-404F-9182-0CA8179FE02A}
	EndGlobalSection
EndGlobal
